
Microsoft Visual Studio Solution File, Format Version 12.00
# Visual Studio Version 17
VisualStudioVersion = 17.8.34511.84
MinimumVisualStudioVersion = 10.0.40219.1
Project("{FAE04EC0-301F-11D3-BF4B-00C04F79EFBC}") = "TakeHomeExercise", "TakeHomeExercise\TakeHomeExercise.csproj", "{899B9CBD-F012-449B-89BB-CF205B7FD794}"
EndProject
Global
	GlobalSection(SolutionConfigurationPlatforms) = preSolution
		Debug|Any CPU = Debug|Any CPU
		Release|Any CPU = Release|Any CPU
	EndGlobalSection
	GlobalSection(ProjectConfigurationPlatforms) = postSolution
		{899B9CBD-F012-449B-89BB-CF205B7FD794}.Debug|Any CPU.ActiveCfg = Debug|Any CPU
		{899B9CBD-F012-449B-89BB-CF205B7FD794}.Debug|Any CPU.Build.0 = Debug|Any CPU
		{899B9CBD-F012-449B-89BB-CF205B7FD794}.Release|Any CPU.ActiveCfg = Release|Any CPU
		{899B9CBD-F012-449B-89BB-CF205B7FD794}.Release|Any CPU.Build.0 = Release|Any CPU
	EndGlobalSection
	GlobalSection(SolutionProperties) = preSolution
		HideSolutionNode = FALSE
	EndGlobalSection
	GlobalSection(ExtensibilityGlobals) = postSolution
		SolutionGuid = {B3B549F7-5353-4CBC-ACDC-9E9F56A5446E}
	EndGlobalSection
EndGlobal
